{
  "name": "potniq-example",
  "version": "1.0.0",
  "lockfileVersion": 3,
  "requires": true,
  "packages": {
    "": {
      "name": "potniq-example",
      "version": "1.0.0",
      "dependencies": {
        "@types/node": "^22.8.7",
        "jose": "^5.9.6",
        "potniq": "file:potniq/potniq-0.0.1.tgz"
      },
      "devDependencies": {
        "typescript": "~5.6.2"
      }
    },
    "node_modules/@types/node": {
      "version": "22.8.7",
      "resolved": "https://registry.npmjs.org/@types/node/-/node-22.8.7.tgz",
      "integrity": "sha512-LidcG+2UeYIWcMuMUpBKOnryBWG/rnmOHQR5apjn8myTQcx3rinFRn7DcIFhMnS0PPFSC6OafdIKEad0lj6U0Q==",
      "license": "MIT",
      "dependencies": {
        "undici-types": "~6.19.8"
      }
    },
    "node_modules/chalk": {
      "version": "5.3.0",
      "resolved": "https://registry.npmjs.org/chalk/-/chalk-5.3.0.tgz",
      "integrity": "sha512-dLitG79d+GV1Nb/VYcCDFivJeK1hiukt9QjRNVOsUtTy1rR1YJsmpGGTZ3qJos+uw7WmWF4wUwBd9jxjocFC2w==",
      "license": "MIT",
      "engines": {
        "node": "^12.17.0 || ^14.13 || >=16.0.0"
      },
      "funding": {
        "url": "https://github.com/chalk/chalk?sponsor=1"
      }
    },
    "node_modules/jose": {
      "version": "5.9.6",
      "resolved": "https://registry.npmjs.org/jose/-/jose-5.9.6.tgz",
      "integrity": "sha512-AMlnetc9+CV9asI19zHmrgS/WYsWUwCn2R7RzlbJWD7F9eWYUTGyBmU9o6PxngtLGOiDGPRu+Uc4fhKzbpteZQ==",
      "license": "MIT",
      "funding": {
        "url": "https://github.com/sponsors/panva"
      }
    },
    "node_modules/path-parser": {
      "version": "6.1.0",
      "resolved": "https://registry.npmjs.org/path-parser/-/path-parser-6.1.0.tgz",
      "integrity": "sha512-nAB6J73z2rFcQP+870OHhpkHFj5kO4rPLc2Ol4Y3Ale7F6Hk1/cPKp7cQ8RznKF8FOSvu+YR9Xc6Gafk7DlpYA==",
      "license": "MIT",
      "dependencies": {
        "search-params": "3.0.0",
        "tslib": "^1.10.0"
      }
    },
    "node_modules/potniq": {
      "version": "0.0.1",
      "resolved": "file:potniq/potniq-0.0.1.tgz",
      "integrity": "sha512-swmVuMfgJtGy85uS4YTiKqM6C2dz93chHl0odG5Q99GDCO3fafId6tDX+LkBl76FvM0VDneEZhWYHGj0Rv7ZHA==",
      "dependencies": {
        "chalk": "^5.3.0",
        "path-parser": "^6.1.0"
      },
      "bin": {
        "potniq": "dist/potniq"
      },
      "peerDependencies": {
        "typescript": "^5.6.3"
      }
    },
    "node_modules/search-params": {
      "version": "3.0.0",
      "resolved": "https://registry.npmjs.org/search-params/-/search-params-3.0.0.tgz",
      "integrity": "sha512-8CYNl/bjkEhXWbDTU/K7c2jQtrnqEffIPyOLMqygW/7/b+ym8UtQumcAZjOfMLjZKR6AxK5tOr9fChbQZCzPqg==",
      "license": "MIT"
    },
    "node_modules/tslib": {
      "version": "1.14.1",
      "resolved": "https://registry.npmjs.org/tslib/-/tslib-1.14.1.tgz",
      "integrity": "sha512-Xni35NKzjgMrwevysHTCArtLDpPvye8zV/0E4EyYn43P7/7qvQwPh9BGkHewbMulVntbigmcT7rdX3BNo9wRJg==",
      "license": "0BSD"
    },
    "node_modules/typescript": {
      "version": "5.6.3",
      "resolved": "https://registry.npmjs.org/typescript/-/typescript-5.6.3.tgz",
      "integrity": "sha512-hjcS1mhfuyi4WW8IWtjP7brDrG2cuDZukyrYrSauoXGNgx0S7zceP07adYkJycEr56BOUTNPzbInooiN3fn1qw==",
      "license": "Apache-2.0",
      "bin": {
        "tsc": "bin/tsc",
        "tsserver": "bin/tsserver"
      },
      "engines": {
        "node": ">=14.17"
      }
    },
    "node_modules/undici-types": {
      "version": "6.19.8",
      "resolved": "https://registry.npmjs.org/undici-types/-/undici-types-6.19.8.tgz",
      "integrity": "sha512-ve2KP6f/JnbPBFyobGHuerC9g1FYGn/F8n1LWTwNxCEzd6IfqTwUQcNXgEtmmQ6DlRrC1hrSrBnCZPokRrDHjw==",
      "license": "MIT"
    }
  }
}
